// !$*UTF8*$!
{
	archiveVersion = 1;
	classes = {
	};
	objectVersion = 46;
	objects = {

/* Begin PBXBuildFile section */
		8D1299461DDCAE6100AB1F07 /* ListItemViewController.swift in Sources */ = {isa = PBXBuildFile; fileRef = 8D1299451DDCAE6100AB1F07 /* ListItemViewController.swift */; };
		8D1299481DDCB06100AB1F07 /* SecondTableViewCell.swift in Sources */ = {isa = PBXBuildFile; fileRef = 8D1299471DDCB06100AB1F07 /* SecondTableViewCell.swift */; };
		8D12994A1DDCCF6700AB1F07 /* DescriptionViewController.swift in Sources */ = {isa = PBXBuildFile; fileRef = 8D1299491DDCCF6700AB1F07 /* DescriptionViewController.swift */; };
		8D4EBD5820C237FD00897BA9 /* TableView+Helper+Extensions.swift in Sources */ = {isa = PBXBuildFile; fileRef = 8D4EBD5720C237FD00897BA9 /* TableView+Helper+Extensions.swift */; };
		8D60424B1DDB5633007BF405 /* AppDelegate.swift in Sources */ = {isa = PBXBuildFile; fileRef = 8D60424A1DDB5633007BF405 /* AppDelegate.swift */; };
		8D6042501DDB5633007BF405 /* Main.storyboard in Resources */ = {isa = PBXBuildFile; fileRef = 8D60424E1DDB5633007BF405 /* Main.storyboard */; };
		8D6042521DDB5633007BF405 /* Assets.xcassets in Resources */ = {isa = PBXBuildFile; fileRef = 8D6042511DDB5633007BF405 /* Assets.xcassets */; };
		8D6042551DDB5633007BF405 /* LaunchScreen.storyboard in Resources */ = {isa = PBXBuildFile; fileRef = 8D6042531DDB5633007BF405 /* LaunchScreen.storyboard */; };
		8D6042661DDB6C0C007BF405 /* Data.swift in Sources */ = {isa = PBXBuildFile; fileRef = 8D6042651DDB6C0C007BF405 /* Data.swift */; };
		8D6042711DDBAACB007BF405 /* LoLViewController.swift in Sources */ = {isa = PBXBuildFile; fileRef = 8D6042701DDBAACB007BF405 /* LoLViewController.swift */; };
		8D6042731DDBAF50007BF405 /* FirstTableViewCell.swift in Sources */ = {isa = PBXBuildFile; fileRef = 8D6042721DDBAF50007BF405 /* FirstTableViewCell.swift */; };
		8D6E984C1E8C285700B4A3B7 /* UserNotifications.framework in Frameworks */ = {isa = PBXBuildFile; fileRef = 8D6E984A1E8C285700B4A3B7 /* UserNotifications.framework */; };
		8D6E984D1E8C285700B4A3B7 /* UserNotificationsUI.framework in Frameworks */ = {isa = PBXBuildFile; fileRef = 8D6E984B1E8C285700B4A3B7 /* UserNotificationsUI.framework */; };
		8D7DF54A1E908604004F1D49 /* YoshikoTxtField.swift in Sources */ = {isa = PBXBuildFile; fileRef = 8D7DF5491E908604004F1D49 /* YoshikoTxtField.swift */; };
		8D7DF54C1E908644004F1D49 /* TextFieldEffects.swift in Sources */ = {isa = PBXBuildFile; fileRef = 8D7DF54B1E908644004F1D49 /* TextFieldEffects.swift */; };
/* End PBXBuildFile section */

/* Begin PBXFileReference section */
		8D1299451DDCAE6100AB1F07 /* ListItemViewController.swift */ = {isa = PBXFileReference; fileEncoding = 4; lastKnownFileType = sourcecode.swift; path = ListItemViewController.swift; sourceTree = "<group>"; };
		8D1299471DDCB06100AB1F07 /* SecondTableViewCell.swift */ = {isa = PBXFileReference; fileEncoding = 4; lastKnownFileType = sourcecode.swift; name = SecondTableViewCell.swift; path = ../SecondTableViewCell.swift; sourceTree = "<group>"; };
		8D1299491DDCCF6700AB1F07 /* DescriptionViewController.swift */ = {isa = PBXFileReference; fileEncoding = 4; lastKnownFileType = sourcecode.swift; name = DescriptionViewController.swift; path = ../DescriptionViewController.swift; sourceTree = "<group>"; };
		8D4EBD5720C237FD00897BA9 /* TableView+Helper+Extensions.swift */ = {isa = PBXFileReference; lastKnownFileType = sourcecode.swift; path = "TableView+Helper+Extensions.swift"; sourceTree = "<group>"; };
		8D6042471DDB5633007BF405 /* porjectOneFirstApp.app */ = {isa = PBXFileReference; explicitFileType = wrapper.application; includeInIndex = 0; path = porjectOneFirstApp.app; sourceTree = BUILT_PRODUCTS_DIR; };
		8D60424A1DDB5633007BF405 /* AppDelegate.swift */ = {isa = PBXFileReference; lastKnownFileType = sourcecode.swift; path = AppDelegate.swift; sourceTree = "<group>"; };
		8D60424F1DDB5633007BF405 /* Base */ = {isa = PBXFileReference; lastKnownFileType = file.storyboard; name = Base; path = Base.lproj/Main.storyboard; sourceTree = "<group>"; };
		8D6042511DDB5633007BF405 /* Assets.xcassets */ = {isa = PBXFileReference; lastKnownFileType = folder.assetcatalog; path = Assets.xcassets; sourceTree = "<group>"; };
		8D6042541DDB5633007BF405 /* Base */ = {isa = PBXFileReference; lastKnownFileType = file.storyboard; name = Base; path = Base.lproj/LaunchScreen.storyboard; sourceTree = "<group>"; };
		8D6042561DDB5633007BF405 /* Info.plist */ = {isa = PBXFileReference; lastKnownFileType = text.plist.xml; path = Info.plist; sourceTree = "<group>"; };
		8D6042651DDB6C0C007BF405 /* Data.swift */ = {isa = PBXFileReference; fileEncoding = 4; lastKnownFileType = sourcecode.swift; path = Data.swift; sourceTree = "<group>"; };
		8D6042701DDBAACB007BF405 /* LoLViewController.swift */ = {isa = PBXFileReference; fileEncoding = 4; lastKnownFileType = sourcecode.swift; name = LoLViewController.swift; path = ../LoLViewController.swift; sourceTree = "<group>"; };
		8D6042721DDBAF50007BF405 /* FirstTableViewCell.swift */ = {isa = PBXFileReference; fileEncoding = 4; lastKnownFileType = sourcecode.swift; name = FirstTableViewCell.swift; path = ../FirstTableViewCell.swift; sourceTree = "<group>"; };
		8D6E984A1E8C285700B4A3B7 /* UserNotifications.framework */ = {isa = PBXFileReference; lastKnownFileType = wrapper.framework; name = UserNotifications.framework; path = System/Library/Frameworks/UserNotifications.framework; sourceTree = SDKROOT; };
		8D6E984B1E8C285700B4A3B7 /* UserNotificationsUI.framework */ = {isa = PBXFileReference; lastKnownFileType = wrapper.framework; name = UserNotificationsUI.framework; path = System/Library/Frameworks/UserNotificationsUI.framework; sourceTree = SDKROOT; };
		8D7DF5491E908604004F1D49 /* YoshikoTxtField.swift */ = {isa = PBXFileReference; fileEncoding = 4; lastKnownFileType = sourcecode.swift; path = YoshikoTxtField.swift; sourceTree = "<group>"; };
		8D7DF54B1E908644004F1D49 /* TextFieldEffects.swift */ = {isa = PBXFileReference; fileEncoding = 4; lastKnownFileType = sourcecode.swift; path = TextFieldEffects.swift; sourceTree = "<group>"; };
/* End PBXFileReference section */

/* Begin PBXFrameworksBuildPhase section */
		8D6042441DDB5633007BF405 /* Frameworks */ = {
			isa = PBXFrameworksBuildPhase;
			buildActionMask = 2147483647;
			files = (
				8D6E984C1E8C285700B4A3B7 /* UserNotifications.framework in Frameworks */,
				8D6E984D1E8C285700B4A3B7 /* UserNotificationsUI.framework in Frameworks */,
			);
			runOnlyForDeploymentPostprocessing = 0;
		};
/* End PBXFrameworksBuildPhase section */

/* Begin PBXGroup section */
		8D10807E1E6F0BBC00824319 /* UI */ = {
			isa = PBXGroup;
			children = (
				8D60424E1DDB5633007BF405 /* Main.storyboard */,
				8D6042511DDB5633007BF405 /* Assets.xcassets */,
				8D6042531DDB5633007BF405 /* LaunchScreen.storyboard */,
				8D7DF54D1E908C45004F1D49 /* TextFieldEdit */,
			);
			name = UI;
			sourceTree = "<group>";
		};
		8D10807F1E6F0BDD00824319 /* Outlets */ = {
			isa = PBXGroup;
			children = (
				8D6042721DDBAF50007BF405 /* FirstTableViewCell.swift */,
				8D1299471DDCB06100AB1F07 /* SecondTableViewCell.swift */,
			);
			name = Outlets;
			sourceTree = "<group>";
		};
		8D1080801E6F0BF100824319 /* LoLVC */ = {
			isa = PBXGroup;
			children = (
				8D6042701DDBAACB007BF405 /* LoLViewController.swift */,
				8D4EBD5720C237FD00897BA9 /* TableView+Helper+Extensions.swift */,
			);
			name = LoLVC;
			sourceTree = "<group>";
		};
		8D236F042066C2660006B58C /* View */ = {
			isa = PBXGroup;
			children = (
				8D10807E1E6F0BBC00824319 /* UI */,
				8D10807F1E6F0BDD00824319 /* Outlets */,
			);
			name = View;
			sourceTree = "<group>";
		};
		8D4EBD5920C2398200897BA9 /* ListItemVC */ = {
			isa = PBXGroup;
			children = (
				8D1299451DDCAE6100AB1F07 /* ListItemViewController.swift */,
			);
			name = ListItemVC;
			sourceTree = "<group>";
		};
		8D4EBD5A20C2399D00897BA9 /* DescriptVC */ = {
			isa = PBXGroup;
			children = (
				8D1299491DDCCF6700AB1F07 /* DescriptionViewController.swift */,
			);
			name = DescriptVC;
			sourceTree = "<group>";
		};
		8D60423E1DDB5633007BF405 = {
			isa = PBXGroup;
			children = (
				8D6042491DDB5633007BF405 /* porjectOneFirstApp */,
				8D6042481DDB5633007BF405 /* Products */,
				8D6E98491E8C285600B4A3B7 /* Frameworks */,
			);
			sourceTree = "<group>";
		};
		8D6042481DDB5633007BF405 /* Products */ = {
			isa = PBXGroup;
			children = (
				8D6042471DDB5633007BF405 /* porjectOneFirstApp.app */,
			);
			name = Products;
			sourceTree = "<group>";
		};
		8D6042491DDB5633007BF405 /* porjectOneFirstApp */ = {
			isa = PBXGroup;
			children = (
				8D60424A1DDB5633007BF405 /* AppDelegate.swift */,
				8D236F042066C2660006B58C /* View */,
				8D60426B1DDB726D007BF405 /* Model */,
				8D60425E1DDB61F4007BF405 /* Controllers */,
				8D6042561DDB5633007BF405 /* Info.plist */,
			);
			path = porjectOneFirstApp;
			sourceTree = "<group>";
		};
		8D60425E1DDB61F4007BF405 /* Controllers */ = {
			isa = PBXGroup;
			children = (
				8D1080801E6F0BF100824319 /* LoLVC */,
				8D4EBD5920C2398200897BA9 /* ListItemVC */,
				8D4EBD5A20C2399D00897BA9 /* DescriptVC */,
			);
			name = Controllers;
			sourceTree = "<group>";
		};
		8D60426B1DDB726D007BF405 /* Model */ = {
			isa = PBXGroup;
			children = (
				8D6042651DDB6C0C007BF405 /* Data.swift */,
			);
			name = Model;
			sourceTree = "<group>";
		};
		8D6E98491E8C285600B4A3B7 /* Frameworks */ = {
			isa = PBXGroup;
			children = (
				8D6E984A1E8C285700B4A3B7 /* UserNotifications.framework */,
				8D6E984B1E8C285700B4A3B7 /* UserNotificationsUI.framework */,
			);
			name = Frameworks;
			sourceTree = "<group>";
		};
		8D7DF54D1E908C45004F1D49 /* TextFieldEdit */ = {
			isa = PBXGroup;
			children = (
				8D7DF5491E908604004F1D49 /* YoshikoTxtField.swift */,
				8D7DF54B1E908644004F1D49 /* TextFieldEffects.swift */,
			);
			name = TextFieldEdit;
			sourceTree = "<group>";
		};
/* End PBXGroup section */

/* Begin PBXNativeTarget section */
		8D6042461DDB5633007BF405 /* porjectOneFirstApp */ = {
			isa = PBXNativeTarget;
			buildConfigurationList = 8D6042591DDB5633007BF405 /* Build configuration list for PBXNativeTarget "porjectOneFirstApp" */;
			buildPhases = (
				8D6042431DDB5633007BF405 /* Sources */,
				8D6042441DDB5633007BF405 /* Frameworks */,
				8D6042451DDB5633007BF405 /* Resources */,
			);
			buildRules = (
			);
			dependencies = (
			);
			name = porjectOneFirstApp;
			productName = porjectOneFirstApp;
			productReference = 8D6042471DDB5633007BF405 /* porjectOneFirstApp.app */;
			productType = "com.apple.product-type.application";
		};
/* End PBXNativeTarget section */

/* Begin PBXProject section */
		8D60423F1DDB5633007BF405 /* Project object */ = {
			isa = PBXProject;
			attributes = {
				LastSwiftUpdateCheck = 0810;
				LastUpgradeCheck = 0820;
				ORGANIZATIONNAME = "Israel Manzo";
				TargetAttributes = {
					8D6042461DDB5633007BF405 = {
						CreatedOnToolsVersion = 8.1;
						DevelopmentTeam = G9TBJCK73T;
						ProvisioningStyle = Automatic;
					};
				};
			};
			buildConfigurationList = 8D6042421DDB5633007BF405 /* Build configuration list for PBXProject "porjectOneFirstApp" */;
			compatibilityVersion = "Xcode 3.2";
			developmentRegion = English;
			hasScannedForEncodings = 0;
			knownRegions = (
				en,
				Base,
			);
			mainGroup = 8D60423E1DDB5633007BF405;
			productRefGroup = 8D6042481DDB5633007BF405 /* Products */;
			projectDirPath = "";
			projectRoot = "";
			targets = (
				8D6042461DDB5633007BF405 /* porjectOneFirstApp */,
			);
		};
/* End PBXProject section */

/* Begin PBXResourcesBuildPhase section */
		8D6042451DDB5633007BF405 /* Resources */ = {
			isa = PBXResourcesBuildPhase;
			buildActionMask = 2147483647;
			files = (
				8D6042551DDB5633007BF405 /* LaunchScreen.storyboard in Resources */,
				8D6042521DDB5633007BF405 /* Assets.xcassets in Resources */,
				8D6042501DDB5633007BF405 /* Main.storyboard in Resources */,
			);
			runOnlyForDeploymentPostprocessing = 0;
		};
/* End PBXResourcesBuildPhase section */

/* Begin PBXSourcesBuildPhase section */
		8D6042431DDB5633007BF405 /* Sources */ = {
			isa = PBXSourcesBuildPhase;
			buildActionMask = 2147483647;
			files = (
				8D6042711DDBAACB007BF405 /* LoLViewController.swift in Sources */,
				8D12994A1DDCCF6700AB1F07 /* DescriptionViewController.swift in Sources */,
				8D7DF54A1E908604004F1D49 /* YoshikoTxtField.swift in Sources */,
				8D4EBD5820C237FD00897BA9 /* TableView+Helper+Extensions.swift in Sources */,
				8D6042661DDB6C0C007BF405 /* Data.swift in Sources */,
				8D6042731DDBAF50007BF405 /* FirstTableViewCell.swift in Sources */,
				8D1299461DDCAE6100AB1F07 /* ListItemViewController.swift in Sources */,
				8D60424B1DDB5633007BF405 /* AppDelegate.swift in Sources */,
				8D1299481DDCB06100AB1F07 /* SecondTableViewCell.swift in Sources */,
				8D7DF54C1E908644004F1D49 /* TextFieldEffects.swift in Sources */,
			);
			runOnlyForDeploymentPostprocessing = 0;
		};
/* End PBXSourcesBuildPhase section */

/* Begin PBXVariantGroup section */
		8D60424E1DDB5633007BF405 /* Main.storyboard */ = {
			isa = PBXVariantGroup;
			children = (
				8D60424F1DDB5633007BF405 /* Base */,
			);
			name = Main.storyboard;
			sourceTree = "<group>";
		};
		8D6042531DDB5633007BF405 /* LaunchScreen.storyboard */ = {
			isa = PBXVariantGroup;
			children = (
				8D6042541DDB5633007BF405 /* Base */,
			);
			name = LaunchScreen.storyboard;
			sourceTree = "<group>";
		};
/* End PBXVariantGroup section */

/* Begin XCBuildConfiguration section */
		8D6042571DDB5633007BF405 /* Debug */ = {
			isa = XCBuildConfiguration;
			buildSettings = {
				ALWAYS_SEARCH_USER_PATHS = NO;
				CLANG_ANALYZER_NONNULL = YES;
				CLANG_CXX_LANGUAGE_STANDARD = "gnu++0x";
				CLANG_CXX_LIBRARY = "libc++";
				CLANG_ENABLE_MODULES = YES;
				CLANG_ENABLE_OBJC_ARC = YES;
				CLANG_WARN_BOOL_CONVERSION = YES;
				CLANG_WARN_CONSTANT_CONVERSION = YES;
				CLANG_WARN_DIRECT_OBJC_ISA_USAGE = YES_ERROR;
				CLANG_WARN_DOCUMENTATION_COMMENTS = YES;
				CLANG_WARN_EMPTY_BODY = YES;
				CLANG_WARN_ENUM_CONVERSION = YES;
				CLANG_WARN_INFINITE_RECURSION = YES;
				CLANG_WARN_INT_CONVERSION = YES;
				CLANG_WARN_OBJC_ROOT_CLASS = YES_ERROR;
				CLANG_WARN_SUSPICIOUS_MOVE = YES;
				CLANG_WARN_SUSPICIOUS_MOVES = YES;
				CLANG_WARN_UNREACHABLE_CODE = YES;
				CLANG_WARN__DUPLICATE_METHOD_MATCH = YES;
				"CODE_SIGN_IDENTITY[sdk=iphoneos*]" = "iPhone Developer";
				COPY_PHASE_STRIP = NO;
				DEBUG_INFORMATION_FORMAT = dwarf;
				ENABLE_STRICT_OBJC_MSGSEND = YES;
				ENABLE_TESTABILITY = YES;
				GCC_C_LANGUAGE_STANDARD = gnu99;
				GCC_DYNAMIC_NO_PIC = NO;
				GCC_NO_COMMON_BLOCKS = YES;
				GCC_OPTIMIZATION_LEVEL = 0;
				GCC_PREPROCESSOR_DEFINITIONS = (
					"DEBUG=1",
					"$(inherited)",
				);
				GCC_WARN_64_TO_32_BIT_CONVERSION = YES;
				GCC_WARN_ABOUT_RETURN_TYPE = YES_ERROR;
				GCC_WARN_UNDECLARED_SELECTOR = YES;
				GCC_WARN_UNINITIALIZED_AUTOS = YES_AGGRESSIVE;
				GCC_WARN_UNUSED_FUNCTION = YES;
				GCC_WARN_UNUSED_VARIABLE = YES;
				IPHONEOS_DEPLOYMENT_TARGET = 10.1;
				MTL_ENABLE_DEBUG_INFO = YES;
				ONLY_ACTIVE_ARCH = YES;
				SDKROOT = iphoneos;
				SWIFT_ACTIVE_COMPILATION_CONDITIONS = DEBUG;
				SWIFT_OPTIMIZATION_LEVEL = "-Onone";
			};
			name = Debug;
		};
		8D6042581DDB5633007BF405 /* Release */ = {
			isa = XCBuildConfiguration;
			buildSettings = {
				ALWAYS_SEARCH_USER_PATHS = NO;
				CLANG_ANALYZER_NONNULL = YES;
				CLANG_CXX_LANGUAGE_STANDARD = "gnu++0x";
				CLANG_CXX_LIBRARY = "libc++";
				CLANG_ENABLE_MODULES = YES;
				CLANG_ENABLE_OBJC_ARC = YES;
				CLANG_WARN_BOOL_CONVERSION = YES;
				CLANG_WARN_CONSTANT_CONVERSION = YES;
				CLANG_WARN_DIRECT_OBJC_ISA_USAGE = YES_ERROR;
				CLANG_WARN_DOCUMENTATION_COMMENTS = YES;
				CLANG_WARN_EMPTY_BODY = YES;
				CLANG_WARN_ENUM_CONVERSION = YES;
				CLANG_WARN_INFINITE_RECURSION = YES;
				CLANG_WARN_INT_CONVERSION = YES;
				CLANG_WARN_OBJC_ROOT_CLASS = YES_ERROR;
				CLANG_WARN_SUSPICIOUS_MOVE = YES;
				CLANG_WARN_SUSPICIOUS_MOVES = YES;
				CLANG_WARN_UNREACHABLE_CODE = YES;
				CLANG_WARN__DUPLICATE_METHOD_MATCH = YES;
				"CODE_SIGN_IDENTITY[sdk=iphoneos*]" = "iPhone Developer";
				COPY_PHASE_STRIP = NO;
				DEBUG_INFORMATION_FORMAT = "dwarf-with-dsym";
				ENABLE_NS_ASSERTIONS = NO;
				ENABLE_STRICT_OBJC_MSGSEND = YES;
				GCC_C_LANGUAGE_STANDARD = gnu99;
				GCC_NO_COMMON_BLOCKS = YES;
				GCC_WARN_64_TO_32_BIT_CONVERSION = YES;
				GCC_WARN_ABOUT_RETURN_TYPE = YES_ERROR;
				GCC_WARN_UNDECLARED_SELECTOR = YES;
				GCC_WARN_UNINITIALIZED_AUTOS = YES_AGGRESSIVE;
				GCC_WARN_UNUSED_FUNCTION = YES;
				GCC_WARN_UNUSED_VARIABLE = YES;
				IPHONEOS_DEPLOYMENT_TARGET = 10.1;
				MTL_ENABLE_DEBUG_INFO = NO;
				SDKROOT = iphoneos;
				SWIFT_OPTIMIZATION_LEVEL = "-Owholemodule";
				VALIDATE_PRODUCT = YES;
			};
			name = Release;
		};
		8D60425A1DDB5633007BF405 /* Debug */ = {
			isa = XCBuildConfiguration;
			buildSettings = {
				ASSETCATALOG_COMPILER_APPICON_NAME = AppIcon;
				DEVELOPMENT_TEAM = G9TBJCK73T;
				INFOPLIST_FILE = porjectOneFirstApp/Info.plist;
				LD_RUNPATH_SEARCH_PATHS = "$(inherited) @executable_path/Frameworks";
				PRODUCT_BUNDLE_IDENTIFIER = com.example.inclass.porjectOneFirstApp;
				PRODUCT_NAME = "$(TARGET_NAME)";
				SWIFT_VERSION = 3.0;
			};
			name = Debug;
		};
		8D60425B1DDB5633007BF405 /* Release */ = {
			isa = XCBuildConfiguration;
			buildSettings = {
				ASSETCATALOG_COMPILER_APPICON_NAME = AppIcon;
				DEVELOPMENT_TEAM = G9TBJCK73T;
				INFOPLIST_FILE = porjectOneFirstApp/Info.plist;
				LD_RUNPATH_SEARCH_PATHS = "$(inherited) @executable_path/Frameworks";
				PRODUCT_BUNDLE_IDENTIFIER = com.example.inclass.porjectOneFirstApp;
				PRODUCT_NAME = "$(TARGET_NAME)";
				SWIFT_VERSION = 3.0;
			};
			name = Release;
		};
/* End XCBuildConfiguration section */

/* Begin XCConfigurationList section */
		8D6042421DDB5633007BF405 /* Build configuration list for PBXProject "porjectOneFirstApp" */ = {
			isa = XCConfigurationList;
			buildConfigurations = (
				8D6042571DDB5633007BF405 /* Debug */,
				8D6042581DDB5633007BF405 /* Release */,
			);
			defaultConfigurationIsVisible = 0;
			defaultConfigurationName = Release;
		};
		8D6042591DDB5633007BF405 /* Build configuration list for PBXNativeTarget "porjectOneFirstApp" */ = {
			isa = XCConfigurationList;
			buildConfigurations = (
				8D60425A1DDB5633007BF405 /* Debug */,
				8D60425B1DDB5633007BF405 /* Release */,
			);
			defaultConfigurationIsVisible = 0;
			defaultConfigurationName = Release;
		};
/* End XCConfigurationList section */
	};
	rootObject = 8D60423F1DDB5633007BF405 /* Project object */;
}
