// !$*UTF8*$!
{
	archiveVersion = 1;
	classes = {
	};
	objectVersion = 46;
	objects = {

/* Begin PBXBuildFile section */
		08477DC945B4BCB87178A876 /* libPods-porjectOneFirstApp.a in Frameworks */ = {isa = PBXBuildFile; fileRef = 1403333A71BFAF49CCEAFDB7 /* libPods-porjectOneFirstApp.a */; };
		8D1299461DDCAE6100AB1F07 /* ListItemViewController.swift in Sources */ = {isa = PBXBuildFile; fileRef = 8D1299451DDCAE6100AB1F07 /* ListItemViewController.swift */; };
		8D1299481DDCB06100AB1F07 /* SecondTableViewCell.swift in Sources */ = {isa = PBXBuildFile; fileRef = 8D1299471DDCB06100AB1F07 /* SecondTableViewCell.swift */; };
		8D12994A1DDCCF6700AB1F07 /* DescriptionViewController.swift in Sources */ = {isa = PBXBuildFile; fileRef = 8D1299491DDCCF6700AB1F07 /* DescriptionViewController.swift */; };
		8D60424B1DDB5633007BF405 /* AppDelegate.swift in Sources */ = {isa = PBXBuildFile; fileRef = 8D60424A1DDB5633007BF405 /* AppDelegate.swift */; };
		8D6042501DDB5633007BF405 /* Main.storyboard in Resources */ = {isa = PBXBuildFile; fileRef = 8D60424E1DDB5633007BF405 /* Main.storyboard */; };
		8D6042521DDB5633007BF405 /* Assets.xcassets in Resources */ = {isa = PBXBuildFile; fileRef = 8D6042511DDB5633007BF405 /* Assets.xcassets */; };
		8D6042551DDB5633007BF405 /* LaunchScreen.storyboard in Resources */ = {isa = PBXBuildFile; fileRef = 8D6042531DDB5633007BF405 /* LaunchScreen.storyboard */; };
		8D6042661DDB6C0C007BF405 /* Data.swift in Sources */ = {isa = PBXBuildFile; fileRef = 8D6042651DDB6C0C007BF405 /* Data.swift */; };
		8D6042711DDBAACB007BF405 /* LoLViewController.swift in Sources */ = {isa = PBXBuildFile; fileRef = 8D6042701DDBAACB007BF405 /* LoLViewController.swift */; };
		8D6042731DDBAF50007BF405 /* FirstTableViewCell.swift in Sources */ = {isa = PBXBuildFile; fileRef = 8D6042721DDBAF50007BF405 /* FirstTableViewCell.swift */; };
		8DB0825F1E0865C8001AE081 /* GoogleService-Info.plist in Resources */ = {isa = PBXBuildFile; fileRef = 8DB0825E1E0865C8001AE081 /* GoogleService-Info.plist */; };
/* End PBXBuildFile section */

/* Begin PBXFileReference section */
		1403333A71BFAF49CCEAFDB7 /* libPods-porjectOneFirstApp.a */ = {isa = PBXFileReference; explicitFileType = archive.ar; includeInIndex = 0; path = "libPods-porjectOneFirstApp.a"; sourceTree = BUILT_PRODUCTS_DIR; };
		363A7FA476D31046C9D5BF9B /* Pods-porjectOneFirstApp.debug.xcconfig */ = {isa = PBXFileReference; includeInIndex = 1; lastKnownFileType = text.xcconfig; name = "Pods-porjectOneFirstApp.debug.xcconfig"; path = "Pods/Target Support Files/Pods-porjectOneFirstApp/Pods-porjectOneFirstApp.debug.xcconfig"; sourceTree = "<group>"; };
		8D1299451DDCAE6100AB1F07 /* ListItemViewController.swift */ = {isa = PBXFileReference; fileEncoding = 4; lastKnownFileType = sourcecode.swift; path = ListItemViewController.swift; sourceTree = "<group>"; };
		8D1299471DDCB06100AB1F07 /* SecondTableViewCell.swift */ = {isa = PBXFileReference; fileEncoding = 4; lastKnownFileType = sourcecode.swift; name = SecondTableViewCell.swift; path = ../SecondTableViewCell.swift; sourceTree = "<group>"; };
		8D1299491DDCCF6700AB1F07 /* DescriptionViewController.swift */ = {isa = PBXFileReference; fileEncoding = 4; lastKnownFileType = sourcecode.swift; name = DescriptionViewController.swift; path = ../DescriptionViewController.swift; sourceTree = "<group>"; };
		8D6042471DDB5633007BF405 /* porjectOneFirstApp.app */ = {isa = PBXFileReference; explicitFileType = wrapper.application; includeInIndex = 0; path = porjectOneFirstApp.app; sourceTree = BUILT_PRODUCTS_DIR; };
		8D60424A1DDB5633007BF405 /* AppDelegate.swift */ = {isa = PBXFileReference; lastKnownFileType = sourcecode.swift; path = AppDelegate.swift; sourceTree = "<group>"; };
		8D60424F1DDB5633007BF405 /* Base */ = {isa = PBXFileReference; lastKnownFileType = file.storyboard; name = Base; path = Base.lproj/Main.storyboard; sourceTree = "<group>"; };
		8D6042511DDB5633007BF405 /* Assets.xcassets */ = {isa = PBXFileReference; lastKnownFileType = folder.assetcatalog; path = Assets.xcassets; sourceTree = "<group>"; };
		8D6042541DDB5633007BF405 /* Base */ = {isa = PBXFileReference; lastKnownFileType = file.storyboard; name = Base; path = Base.lproj/LaunchScreen.storyboard; sourceTree = "<group>"; };
		8D6042561DDB5633007BF405 /* Info.plist */ = {isa = PBXFileReference; lastKnownFileType = text.plist.xml; path = Info.plist; sourceTree = "<group>"; };
		8D6042651DDB6C0C007BF405 /* Data.swift */ = {isa = PBXFileReference; fileEncoding = 4; lastKnownFileType = sourcecode.swift; path = Data.swift; sourceTree = "<group>"; };
		8D6042701DDBAACB007BF405 /* LoLViewController.swift */ = {isa = PBXFileReference; fileEncoding = 4; lastKnownFileType = sourcecode.swift; name = LoLViewController.swift; path = ../LoLViewController.swift; sourceTree = "<group>"; };
		8D6042721DDBAF50007BF405 /* FirstTableViewCell.swift */ = {isa = PBXFileReference; fileEncoding = 4; lastKnownFileType = sourcecode.swift; name = FirstTableViewCell.swift; path = ../FirstTableViewCell.swift; sourceTree = "<group>"; };
		8DB0825E1E0865C8001AE081 /* GoogleService-Info.plist */ = {isa = PBXFileReference; fileEncoding = 4; lastKnownFileType = text.plist.xml; path = "GoogleService-Info.plist"; sourceTree = "<group>"; };
		BFAA5293DCF22FF051680C06 /* Pods-porjectOneFirstApp.release.xcconfig */ = {isa = PBXFileReference; includeInIndex = 1; lastKnownFileType = text.xcconfig; name = "Pods-porjectOneFirstApp.release.xcconfig"; path = "Pods/Target Support Files/Pods-porjectOneFirstApp/Pods-porjectOneFirstApp.release.xcconfig"; sourceTree = "<group>"; };
/* End PBXFileReference section */

/* Begin PBXFrameworksBuildPhase section */
		8D6042441DDB5633007BF405 /* Frameworks */ = {
			isa = PBXFrameworksBuildPhase;
			buildActionMask = 2147483647;
			files = (
				08477DC945B4BCB87178A876 /* libPods-porjectOneFirstApp.a in Frameworks */,
			);
			runOnlyForDeploymentPostprocessing = 0;
		};
/* End PBXFrameworksBuildPhase section */

/* Begin PBXGroup section */
		34A6B09B682E442E34263B81 /* Frameworks */ = {
			isa = PBXGroup;
			children = (
				1403333A71BFAF49CCEAFDB7 /* libPods-porjectOneFirstApp.a */,
			);
			name = Frameworks;
			sourceTree = "<group>";
		};
		8D60423E1DDB5633007BF405 = {
			isa = PBXGroup;
			children = (
				8D6042491DDB5633007BF405 /* porjectOneFirstApp */,
				8D6042481DDB5633007BF405 /* Products */,
				CF600681634AD3C94A437DA0 /* Pods */,
				34A6B09B682E442E34263B81 /* Frameworks */,
			);
			sourceTree = "<group>";
		};
		8D6042481DDB5633007BF405 /* Products */ = {
			isa = PBXGroup;
			children = (
				8D6042471DDB5633007BF405 /* porjectOneFirstApp.app */,
			);
			name = Products;
			sourceTree = "<group>";
		};
		8D6042491DDB5633007BF405 /* porjectOneFirstApp */ = {
			isa = PBXGroup;
			children = (
				8D60426B1DDB726D007BF405 /* SwiftFiles */,
				8D60425E1DDB61F4007BF405 /* Logic */,
				8D60424E1DDB5633007BF405 /* Main.storyboard */,
				8D6042511DDB5633007BF405 /* Assets.xcassets */,
				8D6042531DDB5633007BF405 /* LaunchScreen.storyboard */,
				8D6042561DDB5633007BF405 /* Info.plist */,
				8DB0825E1E0865C8001AE081 /* GoogleService-Info.plist */,
			);
			path = porjectOneFirstApp;
			sourceTree = "<group>";
		};
		8D60425E1DDB61F4007BF405 /* Logic */ = {
			isa = PBXGroup;
			children = (
				8D60424A1DDB5633007BF405 /* AppDelegate.swift */,
				8D6042701DDBAACB007BF405 /* LoLViewController.swift */,
				8D1299451DDCAE6100AB1F07 /* ListItemViewController.swift */,
				8D6042721DDBAF50007BF405 /* FirstTableViewCell.swift */,
				8D1299471DDCB06100AB1F07 /* SecondTableViewCell.swift */,
				8D1299491DDCCF6700AB1F07 /* DescriptionViewController.swift */,
			);
			name = Logic;
			sourceTree = "<group>";
		};
		8D60426B1DDB726D007BF405 /* SwiftFiles */ = {
			isa = PBXGroup;
			children = (
				8D6042651DDB6C0C007BF405 /* Data.swift */,
			);
			name = SwiftFiles;
			sourceTree = "<group>";
		};
		CF600681634AD3C94A437DA0 /* Pods */ = {
			isa = PBXGroup;
			children = (
				363A7FA476D31046C9D5BF9B /* Pods-porjectOneFirstApp.debug.xcconfig */,
				BFAA5293DCF22FF051680C06 /* Pods-porjectOneFirstApp.release.xcconfig */,
			);
			name = Pods;
			sourceTree = "<group>";
		};
/* End PBXGroup section */

/* Begin PBXNativeTarget section */
		8D6042461DDB5633007BF405 /* porjectOneFirstApp */ = {
			isa = PBXNativeTarget;
			buildConfigurationList = 8D6042591DDB5633007BF405 /* Build configuration list for PBXNativeTarget "porjectOneFirstApp" */;
			buildPhases = (
				06D5186067D8DD70303596FA /* [CP] Check Pods Manifest.lock */,
				8D6042431DDB5633007BF405 /* Sources */,
				8D6042441DDB5633007BF405 /* Frameworks */,
				8D6042451DDB5633007BF405 /* Resources */,
				E564CBB5836D316E4EE45FB2 /* [CP] Embed Pods Frameworks */,
				CF0A8B4110D3B3A556C392EF /* [CP] Copy Pods Resources */,
			);
			buildRules = (
			);
			dependencies = (
			);
			name = porjectOneFirstApp;
			productName = porjectOneFirstApp;
			productReference = 8D6042471DDB5633007BF405 /* porjectOneFirstApp.app */;
			productType = "com.apple.product-type.application";
		};
/* End PBXNativeTarget section */

/* Begin PBXProject section */
		8D60423F1DDB5633007BF405 /* Project object */ = {
			isa = PBXProject;
			attributes = {
				LastSwiftUpdateCheck = 0810;
				LastUpgradeCheck = 0810;
				ORGANIZATIONNAME = "Israel Manzo";
				TargetAttributes = {
					8D6042461DDB5633007BF405 = {
						CreatedOnToolsVersion = 8.1;
						DevelopmentTeam = 6DC9LP75VX;
						ProvisioningStyle = Automatic;
					};
				};
			};
			buildConfigurationList = 8D6042421DDB5633007BF405 /* Build configuration list for PBXProject "porjectOneFirstApp" */;
			compatibilityVersion = "Xcode 3.2";
			developmentRegion = English;
			hasScannedForEncodings = 0;
			knownRegions = (
				en,
				Base,
			);
			mainGroup = 8D60423E1DDB5633007BF405;
			productRefGroup = 8D6042481DDB5633007BF405 /* Products */;
			projectDirPath = "";
			projectRoot = "";
			targets = (
				8D6042461DDB5633007BF405 /* porjectOneFirstApp */,
			);
		};
/* End PBXProject section */

/* Begin PBXResourcesBuildPhase section */
		8D6042451DDB5633007BF405 /* Resources */ = {
			isa = PBXResourcesBuildPhase;
			buildActionMask = 2147483647;
			files = (
				8D6042551DDB5633007BF405 /* LaunchScreen.storyboard in Resources */,
				8DB0825F1E0865C8001AE081 /* GoogleService-Info.plist in Resources */,
				8D6042521DDB5633007BF405 /* Assets.xcassets in Resources */,
				8D6042501DDB5633007BF405 /* Main.storyboard in Resources */,
			);
			runOnlyForDeploymentPostprocessing = 0;
		};
/* End PBXResourcesBuildPhase section */

/* Begin PBXShellScriptBuildPhase section */
		06D5186067D8DD70303596FA /* [CP] Check Pods Manifest.lock */ = {
			isa = PBXShellScriptBuildPhase;
			buildActionMask = 2147483647;
			files = (
			);
			inputPaths = (
			);
			name = "[CP] Check Pods Manifest.lock";
			outputPaths = (
			);
			runOnlyForDeploymentPostprocessing = 0;
			shellPath = /bin/sh;
			shellScript = "diff \"${PODS_ROOT}/../Podfile.lock\" \"${PODS_ROOT}/Manifest.lock\" > /dev/null\nif [ $? != 0 ] ; then\n    # print error to STDERR\n    echo \"error: The sandbox is not in sync with the Podfile.lock. Run 'pod install' or update your CocoaPods installation.\" >&2\n    exit 1\nfi\n";
			showEnvVarsInLog = 0;
		};
		CF0A8B4110D3B3A556C392EF /* [CP] Copy Pods Resources */ = {
			isa = PBXShellScriptBuildPhase;
			buildActionMask = 2147483647;
			files = (
			);
			inputPaths = (
			);
			name = "[CP] Copy Pods Resources";
			outputPaths = (
			);
			runOnlyForDeploymentPostprocessing = 0;
			shellPath = /bin/sh;
			shellScript = "\"${SRCROOT}/Pods/Target Support Files/Pods-porjectOneFirstApp/Pods-porjectOneFirstApp-resources.sh\"\n";
			showEnvVarsInLog = 0;
		};
		E564CBB5836D316E4EE45FB2 /* [CP] Embed Pods Frameworks */ = {
			isa = PBXShellScriptBuildPhase;
			buildActionMask = 2147483647;
			files = (
			);
			inputPaths = (
			);
			name = "[CP] Embed Pods Frameworks";
			outputPaths = (
			);
			runOnlyForDeploymentPostprocessing = 0;
			shellPath = /bin/sh;
			shellScript = "\"${SRCROOT}/Pods/Target Support Files/Pods-porjectOneFirstApp/Pods-porjectOneFirstApp-frameworks.sh\"\n";
			showEnvVarsInLog = 0;
		};
/* End PBXShellScriptBuildPhase section */

/* Begin PBXSourcesBuildPhase section */
		8D6042431DDB5633007BF405 /* Sources */ = {
			isa = PBXSourcesBuildPhase;
			buildActionMask = 2147483647;
			files = (
				8D6042711DDBAACB007BF405 /* LoLViewController.swift in Sources */,
				8D12994A1DDCCF6700AB1F07 /* DescriptionViewController.swift in Sources */,
				8D6042661DDB6C0C007BF405 /* Data.swift in Sources */,
				8D6042731DDBAF50007BF405 /* FirstTableViewCell.swift in Sources */,
				8D1299461DDCAE6100AB1F07 /* ListItemViewController.swift in Sources */,
				8D60424B1DDB5633007BF405 /* AppDelegate.swift in Sources */,
				8D1299481DDCB06100AB1F07 /* SecondTableViewCell.swift in Sources */,
			);
			runOnlyForDeploymentPostprocessing = 0;
		};
/* End PBXSourcesBuildPhase section */

/* Begin PBXVariantGroup section */
		8D60424E1DDB5633007BF405 /* Main.storyboard */ = {
			isa = PBXVariantGroup;
			children = (
				8D60424F1DDB5633007BF405 /* Base */,
			);
			name = Main.storyboard;
			sourceTree = "<group>";
		};
		8D6042531DDB5633007BF405 /* LaunchScreen.storyboard */ = {
			isa = PBXVariantGroup;
			children = (
				8D6042541DDB5633007BF405 /* Base */,
			);
			name = LaunchScreen.storyboard;
			sourceTree = "<group>";
		};
/* End PBXVariantGroup section */

/* Begin XCBuildConfiguration section */
		8D6042571DDB5633007BF405 /* Debug */ = {
			isa = XCBuildConfiguration;
			buildSettings = {
				ALWAYS_SEARCH_USER_PATHS = NO;
				CLANG_ANALYZER_NONNULL = YES;
				CLANG_CXX_LANGUAGE_STANDARD = "gnu++0x";
				CLANG_CXX_LIBRARY = "libc++";
				CLANG_ENABLE_MODULES = YES;
				CLANG_ENABLE_OBJC_ARC = YES;
				CLANG_WARN_BOOL_CONVERSION = YES;
				CLANG_WARN_CONSTANT_CONVERSION = YES;
				CLANG_WARN_DIRECT_OBJC_ISA_USAGE = YES_ERROR;
				CLANG_WARN_DOCUMENTATION_COMMENTS = YES;
				CLANG_WARN_EMPTY_BODY = YES;
				CLANG_WARN_ENUM_CONVERSION = YES;
				CLANG_WARN_INFINITE_RECURSION = YES;
				CLANG_WARN_INT_CONVERSION = YES;
				CLANG_WARN_OBJC_ROOT_CLASS = YES_ERROR;
				CLANG_WARN_SUSPICIOUS_MOVES = YES;
				CLANG_WARN_UNREACHABLE_CODE = YES;
				CLANG_WARN__DUPLICATE_METHOD_MATCH = YES;
				"CODE_SIGN_IDENTITY[sdk=iphoneos*]" = "iPhone Developer";
				COPY_PHASE_STRIP = NO;
				DEBUG_INFORMATION_FORMAT = dwarf;
				ENABLE_STRICT_OBJC_MSGSEND = YES;
				ENABLE_TESTABILITY = YES;
				GCC_C_LANGUAGE_STANDARD = gnu99;
				GCC_DYNAMIC_NO_PIC = NO;
				GCC_NO_COMMON_BLOCKS = YES;
				GCC_OPTIMIZATION_LEVEL = 0;
				GCC_PREPROCESSOR_DEFINITIONS = (
					"DEBUG=1",
					"$(inherited)",
				);
				GCC_WARN_64_TO_32_BIT_CONVERSION = YES;
				GCC_WARN_ABOUT_RETURN_TYPE = YES_ERROR;
				GCC_WARN_UNDECLARED_SELECTOR = YES;
				GCC_WARN_UNINITIALIZED_AUTOS = YES_AGGRESSIVE;
				GCC_WARN_UNUSED_FUNCTION = YES;
				GCC_WARN_UNUSED_VARIABLE = YES;
				IPHONEOS_DEPLOYMENT_TARGET = 10.1;
				MTL_ENABLE_DEBUG_INFO = YES;
				ONLY_ACTIVE_ARCH = YES;
				SDKROOT = iphoneos;
				SWIFT_ACTIVE_COMPILATION_CONDITIONS = DEBUG;
				SWIFT_OPTIMIZATION_LEVEL = "-Onone";
			};
			name = Debug;
		};
		8D6042581DDB5633007BF405 /* Release */ = {
			isa = XCBuildConfiguration;
			buildSettings = {
				ALWAYS_SEARCH_USER_PATHS = NO;
				CLANG_ANALYZER_NONNULL = YES;
				CLANG_CXX_LANGUAGE_STANDARD = "gnu++0x";
				CLANG_CXX_LIBRARY = "libc++";
				CLANG_ENABLE_MODULES = YES;
				CLANG_ENABLE_OBJC_ARC = YES;
				CLANG_WARN_BOOL_CONVERSION = YES;
				CLANG_WARN_CONSTANT_CONVERSION = YES;
				CLANG_WARN_DIRECT_OBJC_ISA_USAGE = YES_ERROR;
				CLANG_WARN_DOCUMENTATION_COMMENTS = YES;
				CLANG_WARN_EMPTY_BODY = YES;
				CLANG_WARN_ENUM_CONVERSION = YES;
				CLANG_WARN_INFINITE_RECURSION = YES;
				CLANG_WARN_INT_CONVERSION = YES;
				CLANG_WARN_OBJC_ROOT_CLASS = YES_ERROR;
				CLANG_WARN_SUSPICIOUS_MOVES = YES;
				CLANG_WARN_UNREACHABLE_CODE = YES;
				CLANG_WARN__DUPLICATE_METHOD_MATCH = YES;
				"CODE_SIGN_IDENTITY[sdk=iphoneos*]" = "iPhone Developer";
				COPY_PHASE_STRIP = NO;
				DEBUG_INFORMATION_FORMAT = "dwarf-with-dsym";
				ENABLE_NS_ASSERTIONS = NO;
				ENABLE_STRICT_OBJC_MSGSEND = YES;
				GCC_C_LANGUAGE_STANDARD = gnu99;
				GCC_NO_COMMON_BLOCKS = YES;
				GCC_WARN_64_TO_32_BIT_CONVERSION = YES;
				GCC_WARN_ABOUT_RETURN_TYPE = YES_ERROR;
				GCC_WARN_UNDECLARED_SELECTOR = YES;
				GCC_WARN_UNINITIALIZED_AUTOS = YES_AGGRESSIVE;
				GCC_WARN_UNUSED_FUNCTION = YES;
				GCC_WARN_UNUSED_VARIABLE = YES;
				IPHONEOS_DEPLOYMENT_TARGET = 10.1;
				MTL_ENABLE_DEBUG_INFO = NO;
				SDKROOT = iphoneos;
				SWIFT_OPTIMIZATION_LEVEL = "-Owholemodule";
				VALIDATE_PRODUCT = YES;
			};
			name = Release;
		};
		8D60425A1DDB5633007BF405 /* Debug */ = {
			isa = XCBuildConfiguration;
			baseConfigurationReference = 363A7FA476D31046C9D5BF9B /* Pods-porjectOneFirstApp.debug.xcconfig */;
			buildSettings = {
				ASSETCATALOG_COMPILER_APPICON_NAME = AppIcon;
				DEVELOPMENT_TEAM = 6DC9LP75VX;
				INFOPLIST_FILE = porjectOneFirstApp/Info.plist;
				LD_RUNPATH_SEARCH_PATHS = "$(inherited) @executable_path/Frameworks";
				PRODUCT_BUNDLE_IDENTIFIER = com.example.inclass.porjectOneFirstApp;
				PRODUCT_NAME = "$(TARGET_NAME)";
				SWIFT_VERSION = 3.0;
			};
			name = Debug;
		};
		8D60425B1DDB5633007BF405 /* Release */ = {
			isa = XCBuildConfiguration;
			baseConfigurationReference = BFAA5293DCF22FF051680C06 /* Pods-porjectOneFirstApp.release.xcconfig */;
			buildSettings = {
				ASSETCATALOG_COMPILER_APPICON_NAME = AppIcon;
				DEVELOPMENT_TEAM = 6DC9LP75VX;
				INFOPLIST_FILE = porjectOneFirstApp/Info.plist;
				LD_RUNPATH_SEARCH_PATHS = "$(inherited) @executable_path/Frameworks";
				PRODUCT_BUNDLE_IDENTIFIER = com.example.inclass.porjectOneFirstApp;
				PRODUCT_NAME = "$(TARGET_NAME)";
				SWIFT_VERSION = 3.0;
			};
			name = Release;
		};
/* End XCBuildConfiguration section */

/* Begin XCConfigurationList section */
		8D6042421DDB5633007BF405 /* Build configuration list for PBXProject "porjectOneFirstApp" */ = {
			isa = XCConfigurationList;
			buildConfigurations = (
				8D6042571DDB5633007BF405 /* Debug */,
				8D6042581DDB5633007BF405 /* Release */,
			);
			defaultConfigurationIsVisible = 0;
			defaultConfigurationName = Release;
		};
		8D6042591DDB5633007BF405 /* Build configuration list for PBXNativeTarget "porjectOneFirstApp" */ = {
			isa = XCConfigurationList;
			buildConfigurations = (
				8D60425A1DDB5633007BF405 /* Debug */,
				8D60425B1DDB5633007BF405 /* Release */,
			);
			defaultConfigurationIsVisible = 0;
			defaultConfigurationName = Release;
		};
/* End XCConfigurationList section */
	};
	rootObject = 8D60423F1DDB5633007BF405 /* Project object */;
}
